
Microsoft Visual Studio Solution File, Format Version 12.00
# Visual Studio Version 16
VisualStudioVersion = 16.0.28922.388
MinimumVisualStudioVersion = 10.0.40219.1
Project("{FAE04EC0-301F-11D3-BF4B-00C04F79EFBC}") = "SeleniumAuto", "SeleniumAuto\SeleniumAuto.csproj", "{B80EF863-2A91-4217-A274-B473CFD92BE7}"
EndProject
Global
	GlobalSection(SolutionConfigurationPlatforms) = preSolution
		Debug|Any CPU = Debug|Any CPU
		Release|Any CPU = Release|Any CPU
	EndGlobalSection
	GlobalSection(ProjectConfigurationPlatforms) = postSolution
		{B80EF863-2A91-4217-A274-B473CFD92BE7}.Debug|Any CPU.ActiveCfg = Debug|Any CPU
		{B80EF863-2A91-4217-A274-B473CFD92BE7}.Debug|Any CPU.Build.0 = Debug|Any CPU
		{B80EF863-2A91-4217-A274-B473CFD92BE7}.Release|Any CPU.ActiveCfg = Release|Any CPU
		{B80EF863-2A91-4217-A274-B473CFD92BE7}.Release|Any CPU.Build.0 = Release|Any CPU
	EndGlobalSection
	GlobalSection(SolutionProperties) = preSolution
		HideSolutionNode = FALSE
	EndGlobalSection
	GlobalSection(ExtensibilityGlobals) = postSolution
		SolutionGuid = {68EFBA01-3C27-41FD-8CD3-4EEB459DEC3B}
	EndGlobalSection
EndGlobal
