
Microsoft Visual Studio Solution File, Format Version 12.00
# Visual Studio Version 16
VisualStudioVersion = 16.0.28803.156
MinimumVisualStudioVersion = 10.0.40219.1
Project("{FAE04EC0-301F-11D3-BF4B-00C04F79EFBC}") = "GoogleDriveClone", "GoogleDriveClone\GoogleDriveClone.csproj", "{7D5A29A3-34A9-4745-B6D4-0CC6BF218400}"
EndProject
Global
	GlobalSection(SolutionConfigurationPlatforms) = preSolution
		Debug|Any CPU = Debug|Any CPU
		Release|Any CPU = Release|Any CPU
	EndGlobalSection
	GlobalSection(ProjectConfigurationPlatforms) = postSolution
		{7D5A29A3-34A9-4745-B6D4-0CC6BF218400}.Debug|Any CPU.ActiveCfg = Debug|Any CPU
		{7D5A29A3-34A9-4745-B6D4-0CC6BF218400}.Debug|Any CPU.Build.0 = Debug|Any CPU
		{7D5A29A3-34A9-4745-B6D4-0CC6BF218400}.Release|Any CPU.ActiveCfg = Release|Any CPU
		{7D5A29A3-34A9-4745-B6D4-0CC6BF218400}.Release|Any CPU.Build.0 = Release|Any CPU
	EndGlobalSection
	GlobalSection(SolutionProperties) = preSolution
		HideSolutionNode = FALSE
	EndGlobalSection
	GlobalSection(ExtensibilityGlobals) = postSolution
		SolutionGuid = {DAAE2671-3488-486C-A528-F526DE1F07DA}
	EndGlobalSection
EndGlobal
